// !$*UTF8*$!
{
	archiveVersion = 1;
	classes = {
	};
	objectVersion = 46;
	objects = {

/* Begin PBXBuildFile section */
		F6CC550A1E146F1F0095B666 /* main.m in Sources */ = {isa = PBXBuildFile; fileRef = F6CC55091E146F1F0095B666 /* main.m */; };
		F6CC550D1E146F1F0095B666 /* AppDelegate.m in Sources */ = {isa = PBXBuildFile; fileRef = F6CC550C1E146F1F0095B666 /* AppDelegate.m */; };
		F6CC55161E146F1F0095B666 /* Main.storyboard in Resources */ = {isa = PBXBuildFile; fileRef = F6CC55141E146F1F0095B666 /* Main.storyboard */; };
		F6CC55181E146F1F0095B666 /* Assets.xcassets in Resources */ = {isa = PBXBuildFile; fileRef = F6CC55171E146F1F0095B666 /* Assets.xcassets */; };
		F6CC551B1E146F1F0095B666 /* LaunchScreen.storyboard in Resources */ = {isa = PBXBuildFile; fileRef = F6CC55191E146F1F0095B666 /* LaunchScreen.storyboard */; };
		F6CC55241E14713C0095B666 /* TestAutolayoutController.m in Sources */ = {isa = PBXBuildFile; fileRef = F6CC55231E14713C0095B666 /* TestAutolayoutController.m */; };
/* End PBXBuildFile section */

/* Begin PBXFileReference section */
		F6CC55051E146F1F0095B666 /* TestAutolayoutAnimation.app */ = {isa = PBXFileReference; explicitFileType = wrapper.application; includeInIndex = 0; path = TestAutolayoutAnimation.app; sourceTree = BUILT_PRODUCTS_DIR; };
		F6CC55091E146F1F0095B666 /* main.m */ = {isa = PBXFileReference; lastKnownFileType = sourcecode.c.objc; path = main.m; sourceTree = "<group>"; };
		F6CC550B1E146F1F0095B666 /* AppDelegate.h */ = {isa = PBXFileReference; lastKnownFileType = sourcecode.c.h; path = AppDelegate.h; sourceTree = "<group>"; };
		F6CC550C1E146F1F0095B666 /* AppDelegate.m */ = {isa = PBXFileReference; lastKnownFileType = sourcecode.c.objc; path = AppDelegate.m; sourceTree = "<group>"; };
		F6CC55151E146F1F0095B666 /* Base */ = {isa = PBXFileReference; lastKnownFileType = file.storyboard; name = Base; path = Base.lproj/Main.storyboard; sourceTree = "<group>"; };
		F6CC55171E146F1F0095B666 /* Assets.xcassets */ = {isa = PBXFileReference; lastKnownFileType = folder.assetcatalog; path = Assets.xcassets; sourceTree = "<group>"; };
		F6CC551A1E146F1F0095B666 /* Base */ = {isa = PBXFileReference; lastKnownFileType = file.storyboard; name = Base; path = Base.lproj/LaunchScreen.storyboard; sourceTree = "<group>"; };
		F6CC551C1E146F1F0095B666 /* Info.plist */ = {isa = PBXFileReference; lastKnownFileType = text.plist.xml; path = Info.plist; sourceTree = "<group>"; };
		F6CC55221E14713C0095B666 /* TestAutolayoutController.h */ = {isa = PBXFileReference; fileEncoding = 4; lastKnownFileType = sourcecode.c.h; path = TestAutolayoutController.h; sourceTree = "<group>"; };
		F6CC55231E14713C0095B666 /* TestAutolayoutController.m */ = {isa = PBXFileReference; fileEncoding = 4; lastKnownFileType = sourcecode.c.objc; path = TestAutolayoutController.m; sourceTree = "<group>"; };
/* End PBXFileReference section */

/* Begin PBXFrameworksBuildPhase section */
		F6CC55021E146F1F0095B666 /* Frameworks */ = {
			isa = PBXFrameworksBuildPhase;
			buildActionMask = 2147483647;
			files = (
			);
			runOnlyForDeploymentPostprocessing = 0;
		};
/* End PBXFrameworksBuildPhase section */

/* Begin PBXGroup section */
		F6CC54FC1E146F1F0095B666 = {
			isa = PBXGroup;
			children = (
				F6CC55071E146F1F0095B666 /* TestAutolayoutAnimation */,
				F6CC55061E146F1F0095B666 /* Products */,
			);
			sourceTree = "<group>";
		};
		F6CC55061E146F1F0095B666 /* Products */ = {
			isa = PBXGroup;
			children = (
				F6CC55051E146F1F0095B666 /* TestAutolayoutAnimation.app */,
			);
			name = Products;
			sourceTree = "<group>";
		};
		F6CC55071E146F1F0095B666 /* TestAutolayoutAnimation */ = {
			isa = PBXGroup;
			children = (
				F6CC550B1E146F1F0095B666 /* AppDelegate.h */,
				F6CC550C1E146F1F0095B666 /* AppDelegate.m */,
				F6CC55141E146F1F0095B666 /* Main.storyboard */,
				F6CC55171E146F1F0095B666 /* Assets.xcassets */,
				F6CC55191E146F1F0095B666 /* LaunchScreen.storyboard */,
				F6CC551C1E146F1F0095B666 /* Info.plist */,
				F6CC55081E146F1F0095B666 /* Supporting Files */,
				F6CC55221E14713C0095B666 /* TestAutolayoutController.h */,
				F6CC55231E14713C0095B666 /* TestAutolayoutController.m */,
			);
			path = TestAutolayoutAnimation;
			sourceTree = "<group>";
		};
		F6CC55081E146F1F0095B666 /* Supporting Files */ = {
			isa = PBXGroup;
			children = (
				F6CC55091E146F1F0095B666 /* main.m */,
			);
			name = "Supporting Files";
			sourceTree = "<group>";
		};
/* End PBXGroup section */

/* Begin PBXNativeTarget section */
		F6CC55041E146F1F0095B666 /* TestAutolayoutAnimation */ = {
			isa = PBXNativeTarget;
			buildConfigurationList = F6CC551F1E146F1F0095B666 /* Build configuration list for PBXNativeTarget "TestAutolayoutAnimation" */;
			buildPhases = (
				F6CC55011E146F1F0095B666 /* Sources */,
				F6CC55021E146F1F0095B666 /* Frameworks */,
				F6CC55031E146F1F0095B666 /* Resources */,
			);
			buildRules = (
			);
			dependencies = (
			);
			name = TestAutolayoutAnimation;
			productName = TestAutolayoutAnimation;
			productReference = F6CC55051E146F1F0095B666 /* TestAutolayoutAnimation.app */;
			productType = "com.apple.product-type.application";
		};
/* End PBXNativeTarget section */

/* Begin PBXProject section */
		F6CC54FD1E146F1F0095B666 /* Project object */ = {
			isa = PBXProject;
			attributes = {
				LastUpgradeCheck = 0730;
				ORGANIZATIONNAME = "Doug Hill";
				TargetAttributes = {
					F6CC55041E146F1F0095B666 = {
						CreatedOnToolsVersion = 7.3.1;
					};
				};
			};
			buildConfigurationList = F6CC55001E146F1F0095B666 /* Build configuration list for PBXProject "TestAutolayoutAnimation" */;
			compatibilityVersion = "Xcode 3.2";
			developmentRegion = English;
			hasScannedForEncodings = 0;
			knownRegions = (
				en,
				Base,
			);
			mainGroup = F6CC54FC1E146F1F0095B666;
			productRefGroup = F6CC55061E146F1F0095B666 /* Products */;
			projectDirPath = "";
			projectRoot = "";
			targets = (
				F6CC55041E146F1F0095B666 /* TestAutolayoutAnimation */,
			);
		};
/* End PBXProject section */

/* Begin PBXResourcesBuildPhase section */
		F6CC55031E146F1F0095B666 /* Resources */ = {
			isa = PBXResourcesBuildPhase;
			buildActionMask = 2147483647;
			files = (
				F6CC551B1E146F1F0095B666 /* LaunchScreen.storyboard in Resources */,
				F6CC55181E146F1F0095B666 /* Assets.xcassets in Resources */,
				F6CC55161E146F1F0095B666 /* Main.storyboard in Resources */,
			);
			runOnlyForDeploymentPostprocessing = 0;
		};
/* End PBXResourcesBuildPhase section */

/* Begin PBXSourcesBuildPhase section */
		F6CC55011E146F1F0095B666 /* Sources */ = {
			isa = PBXSourcesBuildPhase;
			buildActionMask = 2147483647;
			files = (
				F6CC55241E14713C0095B666 /* TestAutolayoutController.m in Sources */,
				F6CC550D1E146F1F0095B666 /* AppDelegate.m in Sources */,
				F6CC550A1E146F1F0095B666 /* main.m in Sources */,
			);
			runOnlyForDeploymentPostprocessing = 0;
		};
/* End PBXSourcesBuildPhase section */

/* Begin PBXVariantGroup section */
		F6CC55141E146F1F0095B666 /* Main.storyboard */ = {
			isa = PBXVariantGroup;
			children = (
				F6CC55151E146F1F0095B666 /* Base */,
			);
			name = Main.storyboard;
			sourceTree = "<group>";
		};
		F6CC55191E146F1F0095B666 /* LaunchScreen.storyboard */ = {
			isa = PBXVariantGroup;
			children = (
				F6CC551A1E146F1F0095B666 /* Base */,
			);
			name = LaunchScreen.storyboard;
			sourceTree = "<group>";
		};
/* End PBXVariantGroup section */

/* Begin XCBuildConfiguration section */
		F6CC551D1E146F1F0095B666 /* Debug */ = {
			isa = XCBuildConfiguration;
			buildSettings = {
				ALWAYS_SEARCH_USER_PATHS = NO;
				CLANG_ANALYZER_NONNULL = YES;
				CLANG_CXX_LANGUAGE_STANDARD = "gnu++0x";
				CLANG_CXX_LIBRARY = "libc++";
				CLANG_ENABLE_MODULES = YES;
				CLANG_ENABLE_OBJC_ARC = YES;
				CLANG_WARN_BOOL_CONVERSION = YES;
				CLANG_WARN_CONSTANT_CONVERSION = YES;
				CLANG_WARN_DIRECT_OBJC_ISA_USAGE = YES_ERROR;
				CLANG_WARN_EMPTY_BODY = YES;
				CLANG_WARN_ENUM_CONVERSION = YES;
				CLANG_WARN_INT_CONVERSION = YES;
				CLANG_WARN_OBJC_ROOT_CLASS = YES_ERROR;
				CLANG_WARN_UNREACHABLE_CODE = YES;
				CLANG_WARN__DUPLICATE_METHOD_MATCH = YES;
				"CODE_SIGN_IDENTITY[sdk=iphoneos*]" = "iPhone Developer";
				COPY_PHASE_STRIP = NO;
				DEBUG_INFORMATION_FORMAT = dwarf;
				ENABLE_STRICT_OBJC_MSGSEND = YES;
				ENABLE_TESTABILITY = YES;
				GCC_C_LANGUAGE_STANDARD = gnu99;
				GCC_DYNAMIC_NO_PIC = NO;
				GCC_NO_COMMON_BLOCKS = YES;
				GCC_OPTIMIZATION_LEVEL = 0;
				GCC_PREPROCESSOR_DEFINITIONS = (
					"DEBUG=1",
					"$(inherited)",
				);
				GCC_WARN_64_TO_32_BIT_CONVERSION = YES;
				GCC_WARN_ABOUT_RETURN_TYPE = YES_ERROR;
				GCC_WARN_UNDECLARED_SELECTOR = YES;
				GCC_WARN_UNINITIALIZED_AUTOS = YES_AGGRESSIVE;
				GCC_WARN_UNUSED_FUNCTION = YES;
				GCC_WARN_UNUSED_VARIABLE = YES;
				IPHONEOS_DEPLOYMENT_TARGET = 9.3;
				MTL_ENABLE_DEBUG_INFO = YES;
				ONLY_ACTIVE_ARCH = YES;
				SDKROOT = iphoneos;
				TARGETED_DEVICE_FAMILY = "1,2";
			};
			name = Debug;
		};
		F6CC551E1E146F1F0095B666 /* Release */ = {
			isa = XCBuildConfiguration;
			buildSettings = {
				ALWAYS_SEARCH_USER_PATHS = NO;
				CLANG_ANALYZER_NONNULL = YES;
				CLANG_CXX_LANGUAGE_STANDARD = "gnu++0x";
				CLANG_CXX_LIBRARY = "libc++";
				CLANG_ENABLE_MODULES = YES;
				CLANG_ENABLE_OBJC_ARC = YES;
				CLANG_WARN_BOOL_CONVERSION = YES;
				CLANG_WARN_CONSTANT_CONVERSION = YES;
				CLANG_WARN_DIRECT_OBJC_ISA_USAGE = YES_ERROR;
				CLANG_WARN_EMPTY_BODY = YES;
				CLANG_WARN_ENUM_CONVERSION = YES;
				CLANG_WARN_INT_CONVERSION = YES;
				CLANG_WARN_OBJC_ROOT_CLASS = YES_ERROR;
				CLANG_WARN_UNREACHABLE_CODE = YES;
				CLANG_WARN__DUPLICATE_METHOD_MATCH = YES;
				"CODE_SIGN_IDENTITY[sdk=iphoneos*]" = "iPhone Developer";
				COPY_PHASE_STRIP = NO;
				DEBUG_INFORMATION_FORMAT = "dwarf-with-dsym";
				ENABLE_NS_ASSERTIONS = NO;
				ENABLE_STRICT_OBJC_MSGSEND = YES;
				GCC_C_LANGUAGE_STANDARD = gnu99;
				GCC_NO_COMMON_BLOCKS = YES;
				GCC_WARN_64_TO_32_BIT_CONVERSION = YES;
				GCC_WARN_ABOUT_RETURN_TYPE = YES_ERROR;
				GCC_WARN_UNDECLARED_SELECTOR = YES;
				GCC_WARN_UNINITIALIZED_AUTOS = YES_AGGRESSIVE;
				GCC_WARN_UNUSED_FUNCTION = YES;
				GCC_WARN_UNUSED_VARIABLE = YES;
				IPHONEOS_DEPLOYMENT_TARGET = 9.3;
				MTL_ENABLE_DEBUG_INFO = NO;
				SDKROOT = iphoneos;
				TARGETED_DEVICE_FAMILY = "1,2";
				VALIDATE_PRODUCT = YES;
			};
			name = Release;
		};
		F6CC55201E146F1F0095B666 /* Debug */ = {
			isa = XCBuildConfiguration;
			buildSettings = {
				ASSETCATALOG_COMPILER_APPICON_NAME = AppIcon;
				INFOPLIST_FILE = TestAutolayoutAnimation/Info.plist;
				LD_RUNPATH_SEARCH_PATHS = "$(inherited) @executable_path/Frameworks";
				PRODUCT_BUNDLE_IDENTIFIER = com.doughill.TestAutolayoutAnimation;
				PRODUCT_NAME = "$(TARGET_NAME)";
			};
			name = Debug;
		};
		F6CC55211E146F1F0095B666 /* Release */ = {
			isa = XCBuildConfiguration;
			buildSettings = {
				ASSETCATALOG_COMPILER_APPICON_NAME = AppIcon;
				INFOPLIST_FILE = TestAutolayoutAnimation/Info.plist;
				LD_RUNPATH_SEARCH_PATHS = "$(inherited) @executable_path/Frameworks";
				PRODUCT_BUNDLE_IDENTIFIER = com.doughill.TestAutolayoutAnimation;
				PRODUCT_NAME = "$(TARGET_NAME)";
			};
			name = Release;
		};
/* End XCBuildConfiguration section */

/* Begin XCConfigurationList section */
		F6CC55001E146F1F0095B666 /* Build configuration list for PBXProject "TestAutolayoutAnimation" */ = {
			isa = XCConfigurationList;
			buildConfigurations = (
				F6CC551D1E146F1F0095B666 /* Debug */,
				F6CC551E1E146F1F0095B666 /* Release */,
			);
			defaultConfigurationIsVisible = 0;
			defaultConfigurationName = Release;
		};
		F6CC551F1E146F1F0095B666 /* Build configuration list for PBXNativeTarget "TestAutolayoutAnimation" */ = {
			isa = XCConfigurationList;
			buildConfigurations = (
				F6CC55201E146F1F0095B666 /* Debug */,
				F6CC55211E146F1F0095B666 /* Release */,
			);
			defaultConfigurationIsVisible = 0;
		};
/* End XCConfigurationList section */
	};
	rootObject = F6CC54FD1E146F1F0095B666 /* Project object */;
}
